<?xml version="1.0" encoding="utf-8"?>
<Project ToolsVersion="4.0" xmlns="http://schemas.microsoft.com/developer/msbuild/2003">
  <ItemGroup>
    <Filter Include="Source Files">
      <UniqueIdentifier>{b0c7783e-7d6d-40ef-aa18-8f3d5aa30b41}</UniqueIdentifier>
      <Extensions>cpp;c;cxx;def;odl;idl;hpj;bat;asm</Extensions>
    </Filter>
    <Filter Include="Header Files">
      <UniqueIdentifier>{e8db9d1f-5baf-456f-9363-326d87a8ed91}</UniqueIdentifier>
      <Extensions>h;hpp;hxx;hm;inl;inc</Extensions>
    </Filter>
    <Filter Include="Resource Files">
      <UniqueIdentifier>{a3ddf070-e0c6-43f8-9201-ceb421ac9d6a}</UniqueIdentifier>
      <Extensions>rc;ico;cur;bmp;dlg;rc2;rct;bin;rgs;jpg;jpeg;jpe;manifest</Extensions>
    </Filter>
    <Filter Include="Help Files">
      <UniqueIdentifier>{2bec2c8b-e81e-402a-8eb3-ff96dc3de650}</UniqueIdentifier>
      <Extensions>rtf;cnt</Extensions>
    </Filter>
  </ItemGroup>
  <ItemGroup>
    <ClCompile Include="Karta.cpp">
      <Filter>Source Files</Filter>
    </ClCompile>
    <ClCompile Include="Kozel.cpp">
      <Filter>Source Files</Filter>
    </ClCompile>
    <ClCompile Include="KozelDoc.cpp">
      <Filter>Source Files</Filter>
    </ClCompile>
    <ClCompile Include="KozelView.cpp">
      <Filter>Source Files</Filter>
    </ClCompile>
    <ClCompile Include="MainFrm.cpp">
      <Filter>Source Files</Filter>
    </ClCompile>
    <ClCompile Include="OblogkiDLG.cpp">
      <Filter>Source Files</Filter>
    </ClCompile>
    <ClCompile Include="OtchetDLG.cpp">
      <Filter>Source Files</Filter>
    </ClCompile>
    <ClCompile Include="stdafx.cpp">
      <Filter>Source Files</Filter>
    </ClCompile>
  </ItemGroup>
  <ItemGroup>
    <None Include="res\Kozel.rc2">
      <Filter>Resource Files</Filter>
    </None>
    <None Include="hlp\Kozel.cnt">
      <Filter>Help Files</Filter>
    </None>
    <None Include="hlp\afxcore.rtf">
      <Filter>Help Files</Filter>
    </None>
  </ItemGroup>
  <ItemGroup>
    <ClInclude Include="Karta.h">
      <Filter>Header Files</Filter>
    </ClInclude>
    <ClInclude Include="Kozel.h">
      <Filter>Header Files</Filter>
    </ClInclude>
    <ClInclude Include="KozelDoc.h">
      <Filter>Header Files</Filter>
    </ClInclude>
    <ClInclude Include="KozelView.h">
      <Filter>Header Files</Filter>
    </ClInclude>
    <ClInclude Include="MainFrm.h">
      <Filter>Header Files</Filter>
    </ClInclude>
    <ClInclude Include="OblogkiDLG.h">
      <Filter>Header Files</Filter>
    </ClInclude>
    <ClInclude Include="OtchetDLG.h">
      <Filter>Header Files</Filter>
    </ClInclude>
    <ClInclude Include="stdafx.h">
      <Filter>Header Files</Filter>
    </ClInclude>
  </ItemGroup>
  <ItemGroup>
    <Image Include="res\KartBlack.bmp">
      <Filter>Resource Files</Filter>
    </Image>
    <Image Include="res\KartRed.bmp">
      <Filter>Resource Files</Filter>
    </Image>
    <Image Include="res\Kozel.ico">
      <Filter>Resource Files</Filter>
    </Image>
    <Image Include="res\Kozel2.ico">
      <Filter>Resource Files</Filter>
    </Image>
    <Image Include="res\KozelDoc.ico">
      <Filter>Resource Files</Filter>
    </Image>
    <Image Include="res\Masti.bmp">
      <Filter>Resource Files</Filter>
    </Image>
    <Image Include="res\Obloshki.bmp">
      <Filter>Resource Files</Filter>
    </Image>
    <Image Include="res\Toolbar.bmp">
      <Filter>Resource Files</Filter>
    </Image>
    <Image Include="res\bitmap5.bmp">
      <Filter>Resource Files</Filter>
    </Image>
    <Image Include="res\bitmap6.bmp">
      <Filter>Resource Files</Filter>
    </Image>
    <Image Include="res\toolbar1.bmp">
      <Filter>Resource Files</Filter>
    </Image>
    <Image Include="res\toolbar2.bmp">
      <Filter>Resource Files</Filter>
    </Image>
    <Image Include="res\zKozelDoc.ico">
      <Filter>Resource Files</Filter>
    </Image>
    <Image Include="res\Автор.bmp">
      <Filter>Resource Files</Filter>
    </Image>
    <Image Include="hlp\Images\bullet.bmp">
      <Filter>Help Files</Filter>
    </Image>
  </ItemGroup>
  <ItemGroup>
    <ResourceCompile Include="Kozel.rc">
      <Filter>Resource Files</Filter>
    </ResourceCompile>
  </ItemGroup>
  <ItemGroup>
    <Text Include="ReadMe.txt" />
  </ItemGroup>
  <ItemGroup>
    <Media Include="res\techno.wav" />
  </ItemGroup>
  <ItemGroup>
    <CustomBuild Include="Resource.h">
      <Filter>Header Files</Filter>
    </CustomBuild>
  </ItemGroup>
</Project>